
Microsoft Visual Studio Solution File, Format Version 12.00
# Visual Studio Version 16
VisualStudioVersion = 16.0.30128.74
MinimumVisualStudioVersion = 10.0.40219.1
Project("{FAE04EC0-301F-11D3-BF4B-00C04F79EFBC}") = "Programahora", "Programahora\Programahora.csproj", "{81558ED1-C9CE-43B3-B1F8-6C02BC941D0A}"
EndProject
Global
	GlobalSection(SolutionConfigurationPlatforms) = preSolution
		Debug|Any CPU = Debug|Any CPU
		Release|Any CPU = Release|Any CPU
	EndGlobalSection
	GlobalSection(ProjectConfigurationPlatforms) = postSolution
		{81558ED1-C9CE-43B3-B1F8-6C02BC941D0A}.Debug|Any CPU.ActiveCfg = Debug|Any CPU
		{81558ED1-C9CE-43B3-B1F8-6C02BC941D0A}.Debug|Any CPU.Build.0 = Debug|Any CPU
		{81558ED1-C9CE-43B3-B1F8-6C02BC941D0A}.Release|Any CPU.ActiveCfg = Release|Any CPU
		{81558ED1-C9CE-43B3-B1F8-6C02BC941D0A}.Release|Any CPU.Build.0 = Release|Any CPU
	EndGlobalSection
	GlobalSection(SolutionProperties) = preSolution
		HideSolutionNode = FALSE
	EndGlobalSection
	GlobalSection(ExtensibilityGlobals) = postSolution
		SolutionGuid = {24ACC321-3045-4FB6-8BDD-E47F6FD64C6E}
	EndGlobalSection
EndGlobal
